
Microsoft Visual Studio Solution File, Format Version 12.00
# Visual Studio Version 16
VisualStudioVersion = 16.0.29102.190
MinimumVisualStudioVersion = 10.0.40219.1
Project("{FAE04EC0-301F-11D3-BF4B-00C04F79EFBC}") = "Aufgabe1", "Aufgabe1\Aufgabe1.csproj", "{DD84D770-DE89-4EEB-A0C5-07D7C172ED34}"
EndProject
Global
	GlobalSection(SolutionConfigurationPlatforms) = preSolution
		Debug|Any CPU = Debug|Any CPU
		Release|Any CPU = Release|Any CPU
	EndGlobalSection
	GlobalSection(ProjectConfigurationPlatforms) = postSolution
		{DD84D770-DE89-4EEB-A0C5-07D7C172ED34}.Debug|Any CPU.ActiveCfg = Debug|Any CPU
		{DD84D770-DE89-4EEB-A0C5-07D7C172ED34}.Debug|Any CPU.Build.0 = Debug|Any CPU
		{DD84D770-DE89-4EEB-A0C5-07D7C172ED34}.Release|Any CPU.ActiveCfg = Release|Any CPU
		{DD84D770-DE89-4EEB-A0C5-07D7C172ED34}.Release|Any CPU.Build.0 = Release|Any CPU
	EndGlobalSection
	GlobalSection(SolutionProperties) = preSolution
		HideSolutionNode = FALSE
	EndGlobalSection
	GlobalSection(ExtensibilityGlobals) = postSolution
		SolutionGuid = {435BD69D-A049-4CA4-8539-39B3E0D0ABAF}
	EndGlobalSection
EndGlobal
